<?xml version="1.0" encoding="utf-8"?>
<Project ToolsVersion="4.0" xmlns="http://schemas.microsoft.com/developer/msbuild/2003">
  <ItemGroup>
    <Filter Include="Player">
      <UniqueIdentifier>{fdcaee5c-052f-474d-8999-5587c704e3c9}</UniqueIdentifier>
    </Filter>
    <Filter Include="基底クラス">
      <UniqueIdentifier>{07700df5-5a5c-4b7e-9121-159ae38c4a6c}</UniqueIdentifier>
    </Filter>
    <Filter Include="App">
      <UniqueIdentifier>{4e87e05b-794f-4b14-9769-9177cc2baa0a}</UniqueIdentifier>
    </Filter>
    <Filter Include="Loader">
      <UniqueIdentifier>{1a86b7c4-8dd6-4e59-b4b0-543ecb9635c3}</UniqueIdentifier>
    </Filter>
    <Filter Include="Object">
      <UniqueIdentifier>{26b19608-1494-4682-ab21-017458aaf26d}</UniqueIdentifier>
    </Filter>
    <Filter Include="Player\State">
      <UniqueIdentifier>{f71adbf7-1361-438e-a85f-b960771dd3d0}</UniqueIdentifier>
    </Filter>
  </ItemGroup>
  <ItemGroup>
    <ClCompile Include="Application.cpp">
      <Filter>App</Filter>
    </ClCompile>
    <ClCompile Include="DirectX11.cpp">
      <Filter>App</Filter>
    </ClCompile>
    <ClCompile Include="Fade.cpp">
      <Filter>App</Filter>
    </ClCompile>
    <ClCompile Include="Fps.cpp">
      <Filter>App</Filter>
    </ClCompile>
    <ClCompile Include="Input.cpp">
      <Filter>App</Filter>
    </ClCompile>
    <ClCompile Include="StateMachine.cpp">
      <Filter>App</Filter>
    </ClCompile>
    <ClCompile Include="Loader.cpp">
      <Filter>Loader</Filter>
    </ClCompile>
    <ClCompile Include="ObjectPool.cpp">
      <Filter>Loader</Filter>
    </ClCompile>
    <ClCompile Include="Prefabs.cpp">
      <Filter>Loader</Filter>
    </ClCompile>
    <ClCompile Include="main.cpp">
      <Filter>App</Filter>
    </ClCompile>
    <ClCompile Include="Renderer.cpp">
      <Filter>Object</Filter>
    </ClCompile>
    <ClCompile Include="GameScene.cpp">
      <Filter>Object</Filter>
    </ClCompile>
    <ClCompile Include="Bg.cpp">
      <Filter>Object</Filter>
    </ClCompile>
    <ClCompile Include="Manager.cpp">
      <Filter>App</Filter>
    </ClCompile>
    <ClCompile Include="PlayerState.cpp">
      <Filter>Player\State</Filter>
    </ClCompile>
    <ClCompile Include="Player.cpp">
      <Filter>Player</Filter>
    </ClCompile>
    <ClCompile Include="SacredBlast.cpp">
      <Filter>Player\State</Filter>
    </ClCompile>
    <ClCompile Include="AstralFlare.cpp">
      <Filter>Player\State</Filter>
    </ClCompile>
    <ClCompile Include="Apocalypsis.cpp">
      <Filter>Player\State</Filter>
    </ClCompile>
    <ClCompile Include="CrystallizeAura.cpp">
      <Filter>Player\State</Filter>
    </ClCompile>
    <ClCompile Include="IPlayerStateManager.cpp">
      <Filter>Player\State</Filter>
    </ClCompile>
    <ClCompile Include="PlayerController.cpp">
      <Filter>Player</Filter>
    </ClCompile>
  </ItemGroup>
  <ItemGroup>
    <ClInclude Include="Actor.h">
      <Filter>基底クラス</Filter>
    </ClInclude>
    <ClInclude Include="GameObject.h">
      <Filter>基底クラス</Filter>
    </ClInclude>
    <ClInclude Include="PlayerController.h">
      <Filter>Player</Filter>
    </ClInclude>
    <ClInclude Include="Player.h">
      <Filter>Player</Filter>
    </ClInclude>
    <ClInclude Include="Pawn.h">
      <Filter>基底クラス</Filter>
    </ClInclude>
    <ClInclude Include="Application.h">
      <Filter>App</Filter>
    </ClInclude>
    <ClInclude Include="DirectX11.h">
      <Filter>App</Filter>
    </ClInclude>
    <ClInclude Include="Fade.h">
      <Filter>App</Filter>
    </ClInclude>
    <ClInclude Include="Fps.h">
      <Filter>App</Filter>
    </ClInclude>
    <ClInclude Include="Input.h">
      <Filter>App</Filter>
    </ClInclude>
    <ClInclude Include="Singleton.h">
      <Filter>App</Filter>
    </ClInclude>
    <ClInclude Include="StateMachine.h">
      <Filter>App</Filter>
    </ClInclude>
    <ClInclude Include="Loader.h">
      <Filter>Loader</Filter>
    </ClInclude>
    <ClInclude Include="ObjectPool.h">
      <Filter>Loader</Filter>
    </ClInclude>
    <ClInclude Include="Prefabs.h">
      <Filter>Loader</Filter>
    </ClInclude>
    <ClInclude Include="Bg.h">
      <Filter>Object</Filter>
    </ClInclude>
    <ClInclude Include="GameScene.h">
      <Filter>Object</Filter>
    </ClInclude>
    <ClInclude Include="Renderer.h">
      <Filter>Object</Filter>
    </ClInclude>
    <ClInclude Include="Scene.h">
      <Filter>Object</Filter>
    </ClInclude>
    <ClInclude Include="Transform.h">
      <Filter>Object</Filter>
    </ClInclude>
    <ClInclude Include="Manager.h">
      <Filter>App</Filter>
    </ClInclude>
    <ClInclude Include="PlayerState.h">
      <Filter>Player\State</Filter>
    </ClInclude>
    <ClInclude Include="SacredBlast.h">
      <Filter>Player\State</Filter>
    </ClInclude>
    <ClInclude Include="AstralFlare.h">
      <Filter>Player\State</Filter>
    </ClInclude>
    <ClInclude Include="Apocalypsis.h">
      <Filter>Player\State</Filter>
    </ClInclude>
    <ClInclude Include="CrystallizeAura.h">
      <Filter>Player\State</Filter>
    </ClInclude>
    <ClInclude Include="IPlayerStateManager.h">
      <Filter>Player\State</Filter>
    </ClInclude>
    <ClInclude Include="PlayerPattern.h">
      <Filter>Player\State</Filter>
    </ClInclude>
  </ItemGroup>
</Project>