<?xml version="1.0" encoding="utf-8"?>
<Project ToolsVersion="4.0" xmlns="http://schemas.microsoft.com/developer/msbuild/2003">
  <ItemGroup>
    <Filter Include="App">
      <UniqueIdentifier>{b421ca1f-6360-4de4-b7d1-7e2fb669bc80}</UniqueIdentifier>
    </Filter>
    <Filter Include="Player">
      <UniqueIdentifier>{f6b35726-0482-40ba-9054-08959822fb80}</UniqueIdentifier>
    </Filter>
    <Filter Include="Player\Skill">
      <UniqueIdentifier>{e7cb7493-12c7-4722-a0d0-32be2e156989}</UniqueIdentifier>
    </Filter>
    <Filter Include="2D">
      <UniqueIdentifier>{ce2a34b1-a84c-4cb1-89d3-2f7f9c310ee6}</UniqueIdentifier>
    </Filter>
    <Filter Include="ObjectPool">
      <UniqueIdentifier>{6442d0f4-11b2-4d83-93ce-856864233016}</UniqueIdentifier>
    </Filter>
    <Filter Include="Scene">
      <UniqueIdentifier>{cdcf8e1c-284d-4588-9b88-12f3c35d8bdf}</UniqueIdentifier>
    </Filter>
    <Filter Include="Base">
      <UniqueIdentifier>{4dc5be56-acc7-4625-ae01-2de6e49782fb}</UniqueIdentifier>
    </Filter>
    <Filter Include="3D">
      <UniqueIdentifier>{6cd7201f-48fc-4bed-a2f9-87abbcbfa8ab}</UniqueIdentifier>
    </Filter>
    <Filter Include="Particle">
      <UniqueIdentifier>{edec3eda-169c-4de2-b53f-a891505cdde6}</UniqueIdentifier>
    </Filter>
  </ItemGroup>
  <ItemGroup>
    <ClInclude Include="Application.h">
      <Filter>App</Filter>
    </ClInclude>
    <ClInclude Include="Fps.h">
      <Filter>App</Filter>
    </ClInclude>
    <ClInclude Include="Singleton.h">
      <Filter>App</Filter>
    </ClInclude>
    <ClInclude Include="Player.h">
      <Filter>Player</Filter>
    </ClInclude>
    <ClInclude Include="PlayerController.h">
      <Filter>Player</Filter>
    </ClInclude>
    <ClInclude Include="PlayerPattern.h">
      <Filter>Player</Filter>
    </ClInclude>
    <ClInclude Include="Apocalypsis.h">
      <Filter>Player\Skill</Filter>
    </ClInclude>
    <ClInclude Include="AstralFlare.h">
      <Filter>Player\Skill</Filter>
    </ClInclude>
    <ClInclude Include="CrystallizeAura.h">
      <Filter>Player\Skill</Filter>
    </ClInclude>
    <ClInclude Include="SacredBlast.h">
      <Filter>Player\Skill</Filter>
    </ClInclude>
    <ClInclude Include="PlayerGurad.h">
      <Filter>Player\Skill</Filter>
    </ClInclude>
    <ClInclude Include="PlayerNormalAttack.h">
      <Filter>Player\Skill</Filter>
    </ClInclude>
    <ClInclude Include="PlayerWait.h">
      <Filter>Player\Skill</Filter>
    </ClInclude>
    <ClInclude Include="Bg.h">
      <Filter>2D</Filter>
    </ClInclude>
    <ClInclude Include="Fade.h">
      <Filter>2D</Filter>
    </ClInclude>
    <ClInclude Include="Input.h">
      <Filter>App</Filter>
    </ClInclude>
    <ClInclude Include="Loader.h">
      <Filter>ObjectPool</Filter>
    </ClInclude>
    <ClInclude Include="ObjectPool.h">
      <Filter>ObjectPool</Filter>
    </ClInclude>
    <ClInclude Include="Prefabs.h">
      <Filter>ObjectPool</Filter>
    </ClInclude>
    <ClInclude Include="GameScene.h">
      <Filter>Scene</Filter>
    </ClInclude>
    <ClInclude Include="Manager.h">
      <Filter>Scene</Filter>
    </ClInclude>
    <ClInclude Include="Scene.h">
      <Filter>Scene</Filter>
    </ClInclude>
    <ClInclude Include="GameObject.h">
      <Filter>Base</Filter>
    </ClInclude>
    <ClInclude Include="Actor.h">
      <Filter>Base</Filter>
    </ClInclude>
    <ClInclude Include="Pawn.h">
      <Filter>Base</Filter>
    </ClInclude>
    <ClInclude Include="Renderer.h">
      <Filter>Base</Filter>
    </ClInclude>
    <ClInclude Include="Camera.h">
      <Filter>3D</Filter>
    </ClInclude>
    <ClInclude Include="Particle.h">
      <Filter>Particle</Filter>
    </ClInclude>
    <ClInclude Include="Emitter.h">
      <Filter>Particle</Filter>
    </ClInclude>
    <ClInclude Include="EmitterManager.h">
      <Filter>Particle</Filter>
    </ClInclude>
    <ClInclude Include="Resource.h">
      <Filter>App</Filter>
    </ClInclude>
    <ClInclude Include="Polygon.h">
      <Filter>3D</Filter>
    </ClInclude>
    <ClInclude Include="Field.h">
      <Filter>3D</Filter>
    </ClInclude>
    <ClInclude Include="ConstantBuffer.h" />
    <ClInclude Include="Shader.h" />
    <ClInclude Include="Utility.h" />
  </ItemGroup>
  <ItemGroup>
    <ClCompile Include="Application.cpp">
      <Filter>App</Filter>
    </ClCompile>
    <ClCompile Include="Fps.cpp">
      <Filter>App</Filter>
    </ClCompile>
    <ClCompile Include="Player.cpp">
      <Filter>Player</Filter>
    </ClCompile>
    <ClCompile Include="PlayerController.cpp">
      <Filter>Player</Filter>
    </ClCompile>
    <ClCompile Include="Apocalypsis.cpp">
      <Filter>Player\Skill</Filter>
    </ClCompile>
    <ClCompile Include="AstralFlare.cpp">
      <Filter>Player\Skill</Filter>
    </ClCompile>
    <ClCompile Include="CrystallizeAura.cpp">
      <Filter>Player\Skill</Filter>
    </ClCompile>
    <ClCompile Include="SacredBlast.cpp">
      <Filter>Player\Skill</Filter>
    </ClCompile>
    <ClCompile Include="PlayerGurad.cpp">
      <Filter>Player\Skill</Filter>
    </ClCompile>
    <ClCompile Include="PlayerNormalAttack.cpp">
      <Filter>Player\Skill</Filter>
    </ClCompile>
    <ClCompile Include="PlayerWait.cpp">
      <Filter>Player\Skill</Filter>
    </ClCompile>
    <ClCompile Include="Fade.cpp">
      <Filter>2D</Filter>
    </ClCompile>
    <ClCompile Include="Bg.cpp">
      <Filter>2D</Filter>
    </ClCompile>
    <ClCompile Include="Input.cpp">
      <Filter>App</Filter>
    </ClCompile>
    <ClCompile Include="main.cpp">
      <Filter>App</Filter>
    </ClCompile>
    <ClCompile Include="Loader.cpp">
      <Filter>ObjectPool</Filter>
    </ClCompile>
    <ClCompile Include="ObjectPool.cpp">
      <Filter>ObjectPool</Filter>
    </ClCompile>
    <ClCompile Include="Prefabs.cpp">
      <Filter>ObjectPool</Filter>
    </ClCompile>
    <ClCompile Include="Manager.cpp">
      <Filter>Scene</Filter>
    </ClCompile>
    <ClCompile Include="GameScene.cpp">
      <Filter>Scene</Filter>
    </ClCompile>
    <ClCompile Include="Renderer.cpp">
      <Filter>Base</Filter>
    </ClCompile>
    <ClCompile Include="Camera.cpp">
      <Filter>3D</Filter>
    </ClCompile>
    <ClCompile Include="Emitter.cpp">
      <Filter>Particle</Filter>
    </ClCompile>
    <ClCompile Include="EmitterManager.cpp">
      <Filter>Particle</Filter>
    </ClCompile>
    <ClCompile Include="Resource.cpp">
      <Filter>App</Filter>
    </ClCompile>
    <ClCompile Include="Polygon.cpp">
      <Filter>3D</Filter>
    </ClCompile>
    <ClCompile Include="Field.cpp">
      <Filter>3D</Filter>
    </ClCompile>
    <ClCompile Include="ConstantBuffer.cpp" />
    <ClCompile Include="Shader.cpp" />
  </ItemGroup>
</Project>