<?xml version="1.0" encoding="utf-8"?>
<Project ToolsVersion="4.0" xmlns="http://schemas.microsoft.com/developer/msbuild/2003">
  <ItemGroup>
    <Filter Include="HLSL">
      <UniqueIdentifier>{058a9226-042a-4f8a-b1e2-586e0133da03}</UniqueIdentifier>
    </Filter>
    <Filter Include="Source">
      <UniqueIdentifier>{15258df7-1906-49ac-bcce-e45cf4835de1}</UniqueIdentifier>
    </Filter>
    <Filter Include="Source\ObjectPool">
      <UniqueIdentifier>{6442d0f4-11b2-4d83-93ce-856864233016}</UniqueIdentifier>
    </Filter>
    <Filter Include="Source\Particle">
      <UniqueIdentifier>{edec3eda-169c-4de2-b53f-a891505cdde6}</UniqueIdentifier>
    </Filter>
    <Filter Include="Source\Scene">
      <UniqueIdentifier>{cdcf8e1c-284d-4588-9b88-12f3c35d8bdf}</UniqueIdentifier>
    </Filter>
    <Filter Include="Source\Player">
      <UniqueIdentifier>{f6b35726-0482-40ba-9054-08959822fb80}</UniqueIdentifier>
    </Filter>
    <Filter Include="Source\Player\Skill">
      <UniqueIdentifier>{e7cb7493-12c7-4722-a0d0-32be2e156989}</UniqueIdentifier>
    </Filter>
    <Filter Include="Source\Math">
      <UniqueIdentifier>{cb0c7d28-5cf8-4a9b-a95c-d29b525e9359}</UniqueIdentifier>
    </Filter>
    <Filter Include="Source\2D">
      <UniqueIdentifier>{ce2a34b1-a84c-4cb1-89d3-2f7f9c310ee6}</UniqueIdentifier>
    </Filter>
    <Filter Include="Source\3D">
      <UniqueIdentifier>{6cd7201f-48fc-4bed-a2f9-87abbcbfa8ab}</UniqueIdentifier>
    </Filter>
    <Filter Include="Source\App">
      <UniqueIdentifier>{b421ca1f-6360-4de4-b7d1-7e2fb669bc80}</UniqueIdentifier>
    </Filter>
    <Filter Include="Source\DirectX">
      <UniqueIdentifier>{599ce45f-feb5-46a8-97f4-a69eba2a3cfc}</UniqueIdentifier>
    </Filter>
    <Filter Include="Source\Base">
      <UniqueIdentifier>{4dc5be56-acc7-4625-ae01-2de6e49782fb}</UniqueIdentifier>
    </Filter>
  </ItemGroup>
  <ItemGroup>
    <ClInclude Include="Application.h">
      <Filter>Source\App</Filter>
    </ClInclude>
    <ClInclude Include="Fps.h">
      <Filter>Source\App</Filter>
    </ClInclude>
    <ClInclude Include="Singleton.h">
      <Filter>Source\App</Filter>
    </ClInclude>
    <ClInclude Include="Player.h">
      <Filter>Source\Player</Filter>
    </ClInclude>
    <ClInclude Include="PlayerController.h">
      <Filter>Source\Player</Filter>
    </ClInclude>
    <ClInclude Include="PlayerPattern.h">
      <Filter>Source\Player</Filter>
    </ClInclude>
    <ClInclude Include="Apocalypsis.h">
      <Filter>Source\Player\Skill</Filter>
    </ClInclude>
    <ClInclude Include="AstralFlare.h">
      <Filter>Source\Player\Skill</Filter>
    </ClInclude>
    <ClInclude Include="CrystallizeAura.h">
      <Filter>Source\Player\Skill</Filter>
    </ClInclude>
    <ClInclude Include="SacredBlast.h">
      <Filter>Source\Player\Skill</Filter>
    </ClInclude>
    <ClInclude Include="PlayerGurad.h">
      <Filter>Source\Player\Skill</Filter>
    </ClInclude>
    <ClInclude Include="PlayerNormalAttack.h">
      <Filter>Source\Player\Skill</Filter>
    </ClInclude>
    <ClInclude Include="PlayerWait.h">
      <Filter>Source\Player\Skill</Filter>
    </ClInclude>
    <ClInclude Include="Bg.h">
      <Filter>Source\2D</Filter>
    </ClInclude>
    <ClInclude Include="Fade.h">
      <Filter>Source\2D</Filter>
    </ClInclude>
    <ClInclude Include="Input.h">
      <Filter>Source\App</Filter>
    </ClInclude>
    <ClInclude Include="ObjectPool.h">
      <Filter>Source\ObjectPool</Filter>
    </ClInclude>
    <ClInclude Include="Prefabs.h">
      <Filter>Source\ObjectPool</Filter>
    </ClInclude>
    <ClInclude Include="GameScene.h">
      <Filter>Source\Scene</Filter>
    </ClInclude>
    <ClInclude Include="Scene.h">
      <Filter>Source\Scene</Filter>
    </ClInclude>
    <ClInclude Include="GameObject.h">
      <Filter>Source\Base</Filter>
    </ClInclude>
    <ClInclude Include="Actor.h">
      <Filter>Source\Base</Filter>
    </ClInclude>
    <ClInclude Include="Pawn.h">
      <Filter>Source\Base</Filter>
    </ClInclude>
    <ClInclude Include="Renderer.h">
      <Filter>Source\Base</Filter>
    </ClInclude>
    <ClInclude Include="Camera.h">
      <Filter>Source\3D</Filter>
    </ClInclude>
    <ClInclude Include="Particle.h">
      <Filter>Source\Particle</Filter>
    </ClInclude>
    <ClInclude Include="Polygon.h">
      <Filter>Source\3D</Filter>
    </ClInclude>
    <ClInclude Include="Field.h">
      <Filter>Source\3D</Filter>
    </ClInclude>
    <ClInclude Include="GameManager.h">
      <Filter>Source\Scene</Filter>
    </ClInclude>
    <ClInclude Include="ConstantBuffer.h">
      <Filter>Source\DirectX</Filter>
    </ClInclude>
    <ClInclude Include="Utility.h">
      <Filter>Source\DirectX</Filter>
    </ClInclude>
    <ClInclude Include="Shader.h">
      <Filter>Source\DirectX</Filter>
    </ClInclude>
    <ClInclude Include="DirectXGraphics.h">
      <Filter>Source\DirectX</Filter>
    </ClInclude>
    <ClInclude Include="BlendMode.h">
      <Filter>Source\DirectX</Filter>
    </ClInclude>
    <ClInclude Include="Effect.h">
      <Filter>Source\Particle</Filter>
    </ClInclude>
    <ClInclude Include="ComputeEffect.h">
      <Filter>Source\Particle</Filter>
    </ClInclude>
    <ClInclude Include="Math.h">
      <Filter>Source\Math</Filter>
    </ClInclude>
  </ItemGroup>
  <ItemGroup>
    <ClCompile Include="Application.cpp">
      <Filter>Source\App</Filter>
    </ClCompile>
    <ClCompile Include="Fps.cpp">
      <Filter>Source\App</Filter>
    </ClCompile>
    <ClCompile Include="Player.cpp">
      <Filter>Source\Player</Filter>
    </ClCompile>
    <ClCompile Include="PlayerController.cpp">
      <Filter>Source\Player</Filter>
    </ClCompile>
    <ClCompile Include="Apocalypsis.cpp">
      <Filter>Source\Player\Skill</Filter>
    </ClCompile>
    <ClCompile Include="AstralFlare.cpp">
      <Filter>Source\Player\Skill</Filter>
    </ClCompile>
    <ClCompile Include="CrystallizeAura.cpp">
      <Filter>Source\Player\Skill</Filter>
    </ClCompile>
    <ClCompile Include="SacredBlast.cpp">
      <Filter>Source\Player\Skill</Filter>
    </ClCompile>
    <ClCompile Include="PlayerGurad.cpp">
      <Filter>Source\Player\Skill</Filter>
    </ClCompile>
    <ClCompile Include="PlayerNormalAttack.cpp">
      <Filter>Source\Player\Skill</Filter>
    </ClCompile>
    <ClCompile Include="PlayerWait.cpp">
      <Filter>Source\Player\Skill</Filter>
    </ClCompile>
    <ClCompile Include="Fade.cpp">
      <Filter>Source\2D</Filter>
    </ClCompile>
    <ClCompile Include="Bg.cpp">
      <Filter>Source\2D</Filter>
    </ClCompile>
    <ClCompile Include="Input.cpp">
      <Filter>Source\App</Filter>
    </ClCompile>
    <ClCompile Include="main.cpp">
      <Filter>Source\App</Filter>
    </ClCompile>
    <ClCompile Include="ObjectPool.cpp">
      <Filter>Source\ObjectPool</Filter>
    </ClCompile>
    <ClCompile Include="Prefabs.cpp">
      <Filter>Source\ObjectPool</Filter>
    </ClCompile>
    <ClCompile Include="GameScene.cpp">
      <Filter>Source\Scene</Filter>
    </ClCompile>
    <ClCompile Include="Renderer.cpp">
      <Filter>Source\Base</Filter>
    </ClCompile>
    <ClCompile Include="Camera.cpp">
      <Filter>Source\3D</Filter>
    </ClCompile>
    <ClCompile Include="Polygon.cpp">
      <Filter>Source\3D</Filter>
    </ClCompile>
    <ClCompile Include="Field.cpp">
      <Filter>Source\3D</Filter>
    </ClCompile>
    <ClCompile Include="GameManager.cpp">
      <Filter>Source\Scene</Filter>
    </ClCompile>
    <ClCompile Include="ConstantBuffer.cpp">
      <Filter>Source\DirectX</Filter>
    </ClCompile>
    <ClCompile Include="Shader.cpp">
      <Filter>Source\DirectX</Filter>
    </ClCompile>
    <ClCompile Include="DirectXGraphics.cpp">
      <Filter>Source\DirectX</Filter>
    </ClCompile>
    <ClCompile Include="BlendMode.cpp">
      <Filter>Source\DirectX</Filter>
    </ClCompile>
    <ClCompile Include="Particle.cpp">
      <Filter>Source\Particle</Filter>
    </ClCompile>
    <ClCompile Include="Effect.cpp">
      <Filter>Source\Particle</Filter>
    </ClCompile>
    <ClCompile Include="ComputeEffect.cpp">
      <Filter>Source\Particle</Filter>
    </ClCompile>
    <ClCompile Include="Math.cpp">
      <Filter>Source\Math</Filter>
    </ClCompile>
  </ItemGroup>
  <ItemGroup>
    <FxCompile Include="ComputeShader.hlsl">
      <Filter>HLSL</Filter>
    </FxCompile>
    <FxCompile Include="ParticleVS.hlsl">
      <Filter>HLSL</Filter>
    </FxCompile>
    <FxCompile Include="ParticlePS.hlsl">
      <Filter>HLSL</Filter>
    </FxCompile>
  </ItemGroup>
  <ItemGroup>
    <None Include="Common.hlsl">
      <Filter>HLSL</Filter>
    </None>
  </ItemGroup>
</Project>